
Microsoft Visual Studio Solution File, Format Version 12.00
# Visual Studio Version 17
VisualStudioVersion = 17.14.36429.23
MinimumVisualStudioVersion = 10.0.40219.1
Project("{2150E333-8FDC-42A3-9474-1A3956D46DE8}") = "API", "API", "{02EA681E-C7D8-13C7-8484-4AC65E1B71E8}"
EndProject
Project("{FAE04EC0-301F-11D3-BF4B-00C04F79EFBC}") = "SDME.Api", "SDME.Api\SDME.Api.csproj", "{E3615F28-DEAF-488D-A75A-4A55117B399D}"
EndProject
Project("{2150E333-8FDC-42A3-9474-1A3956D46DE8}") = "Core", "Core", "{12C92666-84BF-44E7-A806-502205FFFF11}"
EndProject
Project("{FAE04EC0-301F-11D3-BF4B-00C04F79EFBC}") = "SDME.Domain", "SDME.Domain\SDME.Domain.csproj", "{998792D5-B1DA-4FBB-B06D-E301DB5634A2}"
EndProject
Project("{FAE04EC0-301F-11D3-BF4B-00C04F79EFBC}") = "SDME.Application", "SDME.Application\SDME.Application.csproj", "{11444864-C951-4392-B5FE-FAEFF8569055}"
EndProject
Project("{2150E333-8FDC-42A3-9474-1A3956D46DE8}") = "Presentation", "Presentation", "{D8D21E46-7760-4740-8DBB-6A405DCD2453}"
EndProject
Project("{FAE04EC0-301F-11D3-BF4B-00C04F79EFBC}") = "SDME.Web", "SDME.Web\SDME.Web.csproj", "{78FF3077-5C21-460A-9681-FE49D06A3335}"
EndProject
Project("{2150E333-8FDC-42A3-9474-1A3956D46DE8}") = "Infraestructure", "Infraestructure", "{39DDA8F0-9E32-4F2B-B420-D7CD040ADFEE}"
EndProject
Project("{FAE04EC0-301F-11D3-BF4B-00C04F79EFBC}") = "SDME.Persistence", "SDME.Persistence\SDME.Persistence.csproj", "{2930A319-A5F6-4EA5-94DD-902E3E61CDDF}"
EndProject
Project("{FAE04EC0-301F-11D3-BF4B-00C04F79EFBC}") = "SDME.Infraestructure", "SDME.Infraestructure\SDME.Infraestructure.csproj", "{DC8FB896-C855-4BD8-81E6-840407865B4E}"
EndProject
Project("{2150E333-8FDC-42A3-9474-1A3956D46DE8}") = "Test", "Test", "{EB9D6D94-BD98-4D4C-BD29-A22D6FCFC4FD}"
EndProject
Project("{FAE04EC0-301F-11D3-BF4B-00C04F79EFBC}") = "SDME.Persistence.Test", "SDME.Persistence.Test\SDME.Persistence.Test.csproj", "{01A3580A-D456-4890-BA93-32BB104CA720}"
EndProject
Project("{FAE04EC0-301F-11D3-BF4B-00C04F79EFBC}") = "SDME.Application.Test", "SDME.Application.Test\SDME.Application.Test.csproj", "{B1B1DEE1-49B3-447F-A3A0-8008E5650D20}"
EndProject
Project("{2150E333-8FDC-42A3-9474-1A3956D46DE8}") = "Ioc", "Ioc", "{151854EF-A4FA-4E86-B658-8F23B76D9C70}"
EndProject
Global
	GlobalSection(SolutionConfigurationPlatforms) = preSolution
		Debug|Any CPU = Debug|Any CPU
		Release|Any CPU = Release|Any CPU
	EndGlobalSection
	GlobalSection(ProjectConfigurationPlatforms) = postSolution
		{E3615F28-DEAF-488D-A75A-4A55117B399D}.Debug|Any CPU.ActiveCfg = Debug|Any CPU
		{E3615F28-DEAF-488D-A75A-4A55117B399D}.Debug|Any CPU.Build.0 = Debug|Any CPU
		{E3615F28-DEAF-488D-A75A-4A55117B399D}.Release|Any CPU.ActiveCfg = Release|Any CPU
		{E3615F28-DEAF-488D-A75A-4A55117B399D}.Release|Any CPU.Build.0 = Release|Any CPU
		{998792D5-B1DA-4FBB-B06D-E301DB5634A2}.Debug|Any CPU.ActiveCfg = Debug|Any CPU
		{998792D5-B1DA-4FBB-B06D-E301DB5634A2}.Debug|Any CPU.Build.0 = Debug|Any CPU
		{998792D5-B1DA-4FBB-B06D-E301DB5634A2}.Release|Any CPU.ActiveCfg = Release|Any CPU
		{998792D5-B1DA-4FBB-B06D-E301DB5634A2}.Release|Any CPU.Build.0 = Release|Any CPU
		{11444864-C951-4392-B5FE-FAEFF8569055}.Debug|Any CPU.ActiveCfg = Debug|Any CPU
		{11444864-C951-4392-B5FE-FAEFF8569055}.Debug|Any CPU.Build.0 = Debug|Any CPU
		{11444864-C951-4392-B5FE-FAEFF8569055}.Release|Any CPU.ActiveCfg = Release|Any CPU
		{11444864-C951-4392-B5FE-FAEFF8569055}.Release|Any CPU.Build.0 = Release|Any CPU
		{78FF3077-5C21-460A-9681-FE49D06A3335}.Debug|Any CPU.ActiveCfg = Debug|Any CPU
		{78FF3077-5C21-460A-9681-FE49D06A3335}.Debug|Any CPU.Build.0 = Debug|Any CPU
		{78FF3077-5C21-460A-9681-FE49D06A3335}.Release|Any CPU.ActiveCfg = Release|Any CPU
		{78FF3077-5C21-460A-9681-FE49D06A3335}.Release|Any CPU.Build.0 = Release|Any CPU
		{2930A319-A5F6-4EA5-94DD-902E3E61CDDF}.Debug|Any CPU.ActiveCfg = Debug|Any CPU
		{2930A319-A5F6-4EA5-94DD-902E3E61CDDF}.Debug|Any CPU.Build.0 = Debug|Any CPU
		{2930A319-A5F6-4EA5-94DD-902E3E61CDDF}.Release|Any CPU.ActiveCfg = Release|Any CPU
		{2930A319-A5F6-4EA5-94DD-902E3E61CDDF}.Release|Any CPU.Build.0 = Release|Any CPU
		{DC8FB896-C855-4BD8-81E6-840407865B4E}.Debug|Any CPU.ActiveCfg = Debug|Any CPU
		{DC8FB896-C855-4BD8-81E6-840407865B4E}.Debug|Any CPU.Build.0 = Debug|Any CPU
		{DC8FB896-C855-4BD8-81E6-840407865B4E}.Release|Any CPU.ActiveCfg = Release|Any CPU
		{DC8FB896-C855-4BD8-81E6-840407865B4E}.Release|Any CPU.Build.0 = Release|Any CPU
		{01A3580A-D456-4890-BA93-32BB104CA720}.Debug|Any CPU.ActiveCfg = Debug|Any CPU
		{01A3580A-D456-4890-BA93-32BB104CA720}.Debug|Any CPU.Build.0 = Debug|Any CPU
		{01A3580A-D456-4890-BA93-32BB104CA720}.Release|Any CPU.ActiveCfg = Release|Any CPU
		{01A3580A-D456-4890-BA93-32BB104CA720}.Release|Any CPU.Build.0 = Release|Any CPU
		{B1B1DEE1-49B3-447F-A3A0-8008E5650D20}.Debug|Any CPU.ActiveCfg = Debug|Any CPU
		{B1B1DEE1-49B3-447F-A3A0-8008E5650D20}.Debug|Any CPU.Build.0 = Debug|Any CPU
		{B1B1DEE1-49B3-447F-A3A0-8008E5650D20}.Release|Any CPU.ActiveCfg = Release|Any CPU
		{B1B1DEE1-49B3-447F-A3A0-8008E5650D20}.Release|Any CPU.Build.0 = Release|Any CPU
	EndGlobalSection
	GlobalSection(SolutionProperties) = preSolution
		HideSolutionNode = FALSE
	EndGlobalSection
	GlobalSection(NestedProjects) = preSolution
		{E3615F28-DEAF-488D-A75A-4A55117B399D} = {02EA681E-C7D8-13C7-8484-4AC65E1B71E8}
		{998792D5-B1DA-4FBB-B06D-E301DB5634A2} = {12C92666-84BF-44E7-A806-502205FFFF11}
		{11444864-C951-4392-B5FE-FAEFF8569055} = {12C92666-84BF-44E7-A806-502205FFFF11}
		{78FF3077-5C21-460A-9681-FE49D06A3335} = {D8D21E46-7760-4740-8DBB-6A405DCD2453}
		{2930A319-A5F6-4EA5-94DD-902E3E61CDDF} = {39DDA8F0-9E32-4F2B-B420-D7CD040ADFEE}
		{DC8FB896-C855-4BD8-81E6-840407865B4E} = {39DDA8F0-9E32-4F2B-B420-D7CD040ADFEE}
		{01A3580A-D456-4890-BA93-32BB104CA720} = {EB9D6D94-BD98-4D4C-BD29-A22D6FCFC4FD}
		{B1B1DEE1-49B3-447F-A3A0-8008E5650D20} = {EB9D6D94-BD98-4D4C-BD29-A22D6FCFC4FD}
	EndGlobalSection
	GlobalSection(ExtensibilityGlobals) = postSolution
		SolutionGuid = {476B62F1-F91F-4311-B0C0-D6EEA57AD583}
	EndGlobalSection
EndGlobal
